Microsoft Visual Studio Solution File, Format Version 12.00
# Visual Studio Version 17
VisualStudioVersion = 17.5.2.0
MinimumVisualStudioVersion = 10.0.40219.1
Project("{FAE04EC0-301F-11D3-BF4B-00C04F79EFBC}") = "angularBackend", "server-side\angularBackend.csproj", "{1307C9B5-1D59-AC16-AA4A-601D3043B70A}"
EndProject
Global
	GlobalSection(SolutionConfigurationPlatforms) = preSolution
		Debug|Any CPU = Debug|Any CPU
		Release|Any CPU = Release|Any CPU
	EndGlobalSection
	GlobalSection(ProjectConfigurationPlatforms) = postSolution
		{1307C9B5-1D59-AC16-AA4A-601D3043B70A}.Debug|Any CPU.ActiveCfg = Debug|Any CPU
		{1307C9B5-1D59-AC16-AA4A-601D3043B70A}.Debug|Any CPU.Build.0 = Debug|Any CPU
		{1307C9B5-1D59-AC16-AA4A-601D3043B70A}.Release|Any CPU.ActiveCfg = Release|Any CPU
		{1307C9B5-1D59-AC16-AA4A-601D3043B70A}.Release|Any CPU.Build.0 = Release|Any CPU
	EndGlobalSection
	GlobalSection(SolutionProperties) = preSolution
		HideSolutionNode = FALSE
	EndGlobalSection
	GlobalSection(ExtensibilityGlobals) = postSolution
		SolutionGuid = {0C90CFDD-F9B4-4E96-AF65-A343E5D7BCE4}
	EndGlobalSection
EndGlobal
